
Microsoft Visual Studio Solution File, Format Version 12.00
Project("{2150E333-8FDC-42A3-9474-1A3956D46DE8}") = "SmartCalc", "SmartCalc", "{F55A7DDF-496B-48E8-BFBE-516FA53BE1C6}"
EndProject
Project("{2150E333-8FDC-42A3-9474-1A3956D46DE8}") = "LoanCalc", "LoanCalc", "{A1CE31C5-EE1E-4127-B38D-0D479FC28972}"
EndProject
Project("{2150E333-8FDC-42A3-9474-1A3956D46DE8}") = "DepositCalc", "DepositCalc", "{AB738C52-739A-4C5E-8474-5B036C0B4798}"
EndProject
Project("{FAE04EC0-301F-11D3-BF4B-00C04F79EFBC}") = "LoanCalc.Core", "LoanCalc.Core\LoanCalc.Core.csproj", "{1EE137FE-9C62-4901-8F60-6C327D9CA1A3}"
EndProject
Project("{FAE04EC0-301F-11D3-BF4B-00C04F79EFBC}") = "LoanCalc.App", "LoanCalc.App\LoanCalc.App.csproj", "{7C055997-04D1-408B-9FD1-53D688417AC6}"
EndProject
Project("{FAE04EC0-301F-11D3-BF4B-00C04F79EFBC}") = "DepositCalc.App", "DepositCalc.App\DepositCalc.App.csproj", "{FBF827AB-506D-4A3F-BB46-B549AF46D58E}"
EndProject
Project("{FAE04EC0-301F-11D3-BF4B-00C04F79EFBC}") = "DepositCalc.Core", "DepositCalc.Core\DepositCalc.Core.csproj", "{2761105B-E39A-4529-BEDA-2AA798CDE42C}"
EndProject
Project("{FAE04EC0-301F-11D3-BF4B-00C04F79EFBC}") = "SmartCalc.Core", "SmartCalc.Core\SmartCalc.Core.csproj", "{A27ABFBE-0FF0-45B0-A3F3-4BED5A2A893D}"
EndProject
Project("{FAE04EC0-301F-11D3-BF4B-00C04F79EFBC}") = "SmartCalc.App", "SmartCalc.App\SmartCalc.App.csproj", "{6B0B1D07-CB0A-4A2A-9351-8960D1F9B097}"
EndProject
Project("{FAE04EC0-301F-11D3-BF4B-00C04F79EFBC}") = "SmartCalc.Plot", "SmartCalc.Plot\SmartCalc.Plot.csproj", "{BBEFC5E2-B96A-4268-8C5F-D1E455079E20}"
EndProject
Global
	GlobalSection(SolutionConfigurationPlatforms) = preSolution
		Debug|Any CPU = Debug|Any CPU
		Release|Any CPU = Release|Any CPU
	EndGlobalSection
	GlobalSection(NestedProjects) = preSolution
		{1EE137FE-9C62-4901-8F60-6C327D9CA1A3} = {A1CE31C5-EE1E-4127-B38D-0D479FC28972}
		{7C055997-04D1-408B-9FD1-53D688417AC6} = {A1CE31C5-EE1E-4127-B38D-0D479FC28972}
		{FBF827AB-506D-4A3F-BB46-B549AF46D58E} = {AB738C52-739A-4C5E-8474-5B036C0B4798}
		{2761105B-E39A-4529-BEDA-2AA798CDE42C} = {AB738C52-739A-4C5E-8474-5B036C0B4798}
		{A27ABFBE-0FF0-45B0-A3F3-4BED5A2A893D} = {F55A7DDF-496B-48E8-BFBE-516FA53BE1C6}
		{6B0B1D07-CB0A-4A2A-9351-8960D1F9B097} = {F55A7DDF-496B-48E8-BFBE-516FA53BE1C6}
		{BBEFC5E2-B96A-4268-8C5F-D1E455079E20} = {F55A7DDF-496B-48E8-BFBE-516FA53BE1C6}
	EndGlobalSection
	GlobalSection(ProjectConfigurationPlatforms) = postSolution
		{1EE137FE-9C62-4901-8F60-6C327D9CA1A3}.Debug|Any CPU.ActiveCfg = Debug|Any CPU
		{1EE137FE-9C62-4901-8F60-6C327D9CA1A3}.Debug|Any CPU.Build.0 = Debug|Any CPU
		{1EE137FE-9C62-4901-8F60-6C327D9CA1A3}.Release|Any CPU.ActiveCfg = Release|Any CPU
		{1EE137FE-9C62-4901-8F60-6C327D9CA1A3}.Release|Any CPU.Build.0 = Release|Any CPU
		{7C055997-04D1-408B-9FD1-53D688417AC6}.Debug|Any CPU.ActiveCfg = Debug|Any CPU
		{7C055997-04D1-408B-9FD1-53D688417AC6}.Debug|Any CPU.Build.0 = Debug|Any CPU
		{7C055997-04D1-408B-9FD1-53D688417AC6}.Release|Any CPU.ActiveCfg = Release|Any CPU
		{7C055997-04D1-408B-9FD1-53D688417AC6}.Release|Any CPU.Build.0 = Release|Any CPU
		{FBF827AB-506D-4A3F-BB46-B549AF46D58E}.Debug|Any CPU.ActiveCfg = Debug|Any CPU
		{FBF827AB-506D-4A3F-BB46-B549AF46D58E}.Debug|Any CPU.Build.0 = Debug|Any CPU
		{FBF827AB-506D-4A3F-BB46-B549AF46D58E}.Release|Any CPU.ActiveCfg = Release|Any CPU
		{FBF827AB-506D-4A3F-BB46-B549AF46D58E}.Release|Any CPU.Build.0 = Release|Any CPU
		{2761105B-E39A-4529-BEDA-2AA798CDE42C}.Debug|Any CPU.ActiveCfg = Debug|Any CPU
		{2761105B-E39A-4529-BEDA-2AA798CDE42C}.Debug|Any CPU.Build.0 = Debug|Any CPU
		{2761105B-E39A-4529-BEDA-2AA798CDE42C}.Release|Any CPU.ActiveCfg = Release|Any CPU
		{2761105B-E39A-4529-BEDA-2AA798CDE42C}.Release|Any CPU.Build.0 = Release|Any CPU
		{A27ABFBE-0FF0-45B0-A3F3-4BED5A2A893D}.Debug|Any CPU.ActiveCfg = Debug|Any CPU
		{A27ABFBE-0FF0-45B0-A3F3-4BED5A2A893D}.Debug|Any CPU.Build.0 = Debug|Any CPU
		{A27ABFBE-0FF0-45B0-A3F3-4BED5A2A893D}.Release|Any CPU.ActiveCfg = Release|Any CPU
		{A27ABFBE-0FF0-45B0-A3F3-4BED5A2A893D}.Release|Any CPU.Build.0 = Release|Any CPU
		{6B0B1D07-CB0A-4A2A-9351-8960D1F9B097}.Debug|Any CPU.ActiveCfg = Debug|Any CPU
		{6B0B1D07-CB0A-4A2A-9351-8960D1F9B097}.Debug|Any CPU.Build.0 = Debug|Any CPU
		{6B0B1D07-CB0A-4A2A-9351-8960D1F9B097}.Release|Any CPU.ActiveCfg = Release|Any CPU
		{6B0B1D07-CB0A-4A2A-9351-8960D1F9B097}.Release|Any CPU.Build.0 = Release|Any CPU
		{BBEFC5E2-B96A-4268-8C5F-D1E455079E20}.Debug|Any CPU.ActiveCfg = Debug|Any CPU
		{BBEFC5E2-B96A-4268-8C5F-D1E455079E20}.Debug|Any CPU.Build.0 = Debug|Any CPU
		{BBEFC5E2-B96A-4268-8C5F-D1E455079E20}.Release|Any CPU.ActiveCfg = Release|Any CPU
		{BBEFC5E2-B96A-4268-8C5F-D1E455079E20}.Release|Any CPU.Build.0 = Release|Any CPU
	EndGlobalSection
EndGlobal
